
Microsoft Visual Studio Solution File, Format Version 12.00
# Visual Studio Version 16
VisualStudioVersion = 16.0.31515.178
MinimumVisualStudioVersion = 10.0.40219.1
Project("{FAE04EC0-301F-11D3-BF4B-00C04F79EFBC}") = "CSharpExample2", "CSharpExample2.csproj", "{2BFFBD2F-D6B0-4525-ACAA-CB9015A157E3}"
EndProject
Global
	GlobalSection(SolutionConfigurationPlatforms) = preSolution
		Debug|Any CPU = Debug|Any CPU
		Release|Any CPU = Release|Any CPU
	EndGlobalSection
	GlobalSection(ProjectConfigurationPlatforms) = postSolution
		{2BFFBD2F-D6B0-4525-ACAA-CB9015A157E3}.Debug|Any CPU.ActiveCfg = Debug|Any CPU
		{2BFFBD2F-D6B0-4525-ACAA-CB9015A157E3}.Debug|Any CPU.Build.0 = Debug|Any CPU
		{2BFFBD2F-D6B0-4525-ACAA-CB9015A157E3}.Release|Any CPU.ActiveCfg = Release|Any CPU
		{2BFFBD2F-D6B0-4525-ACAA-CB9015A157E3}.Release|Any CPU.Build.0 = Release|Any CPU
	EndGlobalSection
	GlobalSection(SolutionProperties) = preSolution
		HideSolutionNode = FALSE
	EndGlobalSection
	GlobalSection(ExtensibilityGlobals) = postSolution
		SolutionGuid = {15D2B2A4-8A2E-42BA-AC35-CA4E98EF8B30}
	EndGlobalSection
EndGlobal
